// !$*UTF8*$!
{
	archiveVersion = 1;
	classes = {
	};
	objectVersion = 50;
	objects = {

/* Begin PBXBuildFile section */
		66014BFB279ED9C7008C1696 /* RoundSquareButton.swift in Sources */ = {isa = PBXBuildFile; fileRef = 66014BFA279ED9C7008C1696 /* RoundSquareButton.swift */; };
		6612B67926EF362B00427BE0 /* AppDelegate.swift in Sources */ = {isa = PBXBuildFile; fileRef = 6612B67826EF362B00427BE0 /* AppDelegate.swift */; };
		6612B67B26EF362B00427BE0 /* SceneDelegate.swift in Sources */ = {isa = PBXBuildFile; fileRef = 6612B67A26EF362B00427BE0 /* SceneDelegate.swift */; };
		6612B67D26EF362B00427BE0 /* ViewController.swift in Sources */ = {isa = PBXBuildFile; fileRef = 6612B67C26EF362B00427BE0 /* ViewController.swift */; };
		6612B68026EF362B00427BE0 /* Main.storyboard in Resources */ = {isa = PBXBuildFile; fileRef = 6612B67E26EF362B00427BE0 /* Main.storyboard */; };
		6612B68226EF362F00427BE0 /* Assets.xcassets in Resources */ = {isa = PBXBuildFile; fileRef = 6612B68126EF362F00427BE0 /* Assets.xcassets */; };
		6612B68526EF362F00427BE0 /* LaunchScreen.storyboard in Resources */ = {isa = PBXBuildFile; fileRef = 6612B68326EF362F00427BE0 /* LaunchScreen.storyboard */; };
		6612B69026EF362F00427BE0 /* Swifty_ViewsTests.swift in Sources */ = {isa = PBXBuildFile; fileRef = 6612B68F26EF362F00427BE0 /* Swifty_ViewsTests.swift */; };
		6612B69B26EF362F00427BE0 /* Swifty_ViewsUITests.swift in Sources */ = {isa = PBXBuildFile; fileRef = 6612B69A26EF362F00427BE0 /* Swifty_ViewsUITests.swift */; };
		6612B6AA26EF364100427BE0 /* RoundRectButton.swift in Sources */ = {isa = PBXBuildFile; fileRef = 6612B6A926EF364100427BE0 /* RoundRectButton.swift */; };
/* End PBXBuildFile section */

/* Begin PBXContainerItemProxy section */
		6612B68C26EF362F00427BE0 /* PBXContainerItemProxy */ = {
			isa = PBXContainerItemProxy;
			containerPortal = 6612B66D26EF362B00427BE0 /* Project object */;
			proxyType = 1;
			remoteGlobalIDString = 6612B67426EF362B00427BE0;
			remoteInfo = "Swifty-Views";
		};
		6612B69726EF362F00427BE0 /* PBXContainerItemProxy */ = {
			isa = PBXContainerItemProxy;
			containerPortal = 6612B66D26EF362B00427BE0 /* Project object */;
			proxyType = 1;
			remoteGlobalIDString = 6612B67426EF362B00427BE0;
			remoteInfo = "Swifty-Views";
		};
/* End PBXContainerItemProxy section */

/* Begin PBXFileReference section */
		66014BFA279ED9C7008C1696 /* RoundSquareButton.swift */ = {isa = PBXFileReference; lastKnownFileType = sourcecode.swift; path = RoundSquareButton.swift; sourceTree = "<group>"; };
		6612B67526EF362B00427BE0 /* Swifty-Views.app */ = {isa = PBXFileReference; explicitFileType = wrapper.application; includeInIndex = 0; path = "Swifty-Views.app"; sourceTree = BUILT_PRODUCTS_DIR; };
		6612B67826EF362B00427BE0 /* AppDelegate.swift */ = {isa = PBXFileReference; lastKnownFileType = sourcecode.swift; path = AppDelegate.swift; sourceTree = "<group>"; };
		6612B67A26EF362B00427BE0 /* SceneDelegate.swift */ = {isa = PBXFileReference; lastKnownFileType = sourcecode.swift; path = SceneDelegate.swift; sourceTree = "<group>"; };
		6612B67C26EF362B00427BE0 /* ViewController.swift */ = {isa = PBXFileReference; lastKnownFileType = sourcecode.swift; path = ViewController.swift; sourceTree = "<group>"; };
		6612B67F26EF362B00427BE0 /* Base */ = {isa = PBXFileReference; lastKnownFileType = file.storyboard; name = Base; path = Base.lproj/Main.storyboard; sourceTree = "<group>"; };
		6612B68126EF362F00427BE0 /* Assets.xcassets */ = {isa = PBXFileReference; lastKnownFileType = folder.assetcatalog; path = Assets.xcassets; sourceTree = "<group>"; };
		6612B68426EF362F00427BE0 /* Base */ = {isa = PBXFileReference; lastKnownFileType = file.storyboard; name = Base; path = Base.lproj/LaunchScreen.storyboard; sourceTree = "<group>"; };
		6612B68626EF362F00427BE0 /* Info.plist */ = {isa = PBXFileReference; lastKnownFileType = text.plist.xml; path = Info.plist; sourceTree = "<group>"; };
		6612B68B26EF362F00427BE0 /* Swifty-ViewsTests.xctest */ = {isa = PBXFileReference; explicitFileType = wrapper.cfbundle; includeInIndex = 0; path = "Swifty-ViewsTests.xctest"; sourceTree = BUILT_PRODUCTS_DIR; };
		6612B68F26EF362F00427BE0 /* Swifty_ViewsTests.swift */ = {isa = PBXFileReference; lastKnownFileType = sourcecode.swift; path = Swifty_ViewsTests.swift; sourceTree = "<group>"; };
		6612B69126EF362F00427BE0 /* Info.plist */ = {isa = PBXFileReference; lastKnownFileType = text.plist.xml; path = Info.plist; sourceTree = "<group>"; };
		6612B69626EF362F00427BE0 /* Swifty-ViewsUITests.xctest */ = {isa = PBXFileReference; explicitFileType = wrapper.cfbundle; includeInIndex = 0; path = "Swifty-ViewsUITests.xctest"; sourceTree = BUILT_PRODUCTS_DIR; };
		6612B69A26EF362F00427BE0 /* Swifty_ViewsUITests.swift */ = {isa = PBXFileReference; lastKnownFileType = sourcecode.swift; path = Swifty_ViewsUITests.swift; sourceTree = "<group>"; };
		6612B69C26EF362F00427BE0 /* Info.plist */ = {isa = PBXFileReference; lastKnownFileType = text.plist.xml; path = Info.plist; sourceTree = "<group>"; };
		6612B6A926EF364100427BE0 /* RoundRectButton.swift */ = {isa = PBXFileReference; fileEncoding = 4; lastKnownFileType = sourcecode.swift; path = RoundRectButton.swift; sourceTree = "<group>"; };
/* End PBXFileReference section */

/* Begin PBXFrameworksBuildPhase section */
		6612B67226EF362B00427BE0 /* Frameworks */ = {
			isa = PBXFrameworksBuildPhase;
			buildActionMask = 2147483647;
			files = (
			);
			runOnlyForDeploymentPostprocessing = 0;
		};
		6612B68826EF362F00427BE0 /* Frameworks */ = {
			isa = PBXFrameworksBuildPhase;
			buildActionMask = 2147483647;
			files = (
			);
			runOnlyForDeploymentPostprocessing = 0;
		};
		6612B69326EF362F00427BE0 /* Frameworks */ = {
			isa = PBXFrameworksBuildPhase;
			buildActionMask = 2147483647;
			files = (
			);
			runOnlyForDeploymentPostprocessing = 0;
		};
/* End PBXFrameworksBuildPhase section */

/* Begin PBXGroup section */
		6612B66C26EF362B00427BE0 = {
			isa = PBXGroup;
			children = (
				6612B67726EF362B00427BE0 /* Swifty-Views */,
				6612B68E26EF362F00427BE0 /* Swifty-ViewsTests */,
				6612B69926EF362F00427BE0 /* Swifty-ViewsUITests */,
				6612B67626EF362B00427BE0 /* Products */,
			);
			sourceTree = "<group>";
		};
		6612B67626EF362B00427BE0 /* Products */ = {
			isa = PBXGroup;
			children = (
				6612B67526EF362B00427BE0 /* Swifty-Views.app */,
				6612B68B26EF362F00427BE0 /* Swifty-ViewsTests.xctest */,
				6612B69626EF362F00427BE0 /* Swifty-ViewsUITests.xctest */,
			);
			name = Products;
			sourceTree = "<group>";
		};
		6612B67726EF362B00427BE0 /* Swifty-Views */ = {
			isa = PBXGroup;
			children = (
				6612B6A826EF363700427BE0 /* Buttons */,
				6612B67826EF362B00427BE0 /* AppDelegate.swift */,
				6612B67A26EF362B00427BE0 /* SceneDelegate.swift */,
				6612B67C26EF362B00427BE0 /* ViewController.swift */,
				6612B67E26EF362B00427BE0 /* Main.storyboard */,
				6612B68126EF362F00427BE0 /* Assets.xcassets */,
				6612B68326EF362F00427BE0 /* LaunchScreen.storyboard */,
				6612B68626EF362F00427BE0 /* Info.plist */,
			);
			path = "Swifty-Views";
			sourceTree = "<group>";
		};
		6612B68E26EF362F00427BE0 /* Swifty-ViewsTests */ = {
			isa = PBXGroup;
			children = (
				6612B68F26EF362F00427BE0 /* Swifty_ViewsTests.swift */,
				6612B69126EF362F00427BE0 /* Info.plist */,
			);
			path = "Swifty-ViewsTests";
			sourceTree = "<group>";
		};
		6612B69926EF362F00427BE0 /* Swifty-ViewsUITests */ = {
			isa = PBXGroup;
			children = (
				6612B69A26EF362F00427BE0 /* Swifty_ViewsUITests.swift */,
				6612B69C26EF362F00427BE0 /* Info.plist */,
			);
			path = "Swifty-ViewsUITests";
			sourceTree = "<group>";
		};
		6612B6A826EF363700427BE0 /* Buttons */ = {
			isa = PBXGroup;
			children = (
				6612B6A926EF364100427BE0 /* RoundRectButton.swift */,
				66014BFA279ED9C7008C1696 /* RoundSquareButton.swift */,
			);
			path = Buttons;
			sourceTree = "<group>";
		};
/* End PBXGroup section */

/* Begin PBXNativeTarget section */
		6612B67426EF362B00427BE0 /* Swifty-Views */ = {
			isa = PBXNativeTarget;
			buildConfigurationList = 6612B69F26EF362F00427BE0 /* Build configuration list for PBXNativeTarget "Swifty-Views" */;
			buildPhases = (
				6612B67126EF362B00427BE0 /* Sources */,
				6612B67226EF362B00427BE0 /* Frameworks */,
				6612B67326EF362B00427BE0 /* Resources */,
			);
			buildRules = (
			);
			dependencies = (
			);
			name = "Swifty-Views";
			productName = "Swifty-Views";
			productReference = 6612B67526EF362B00427BE0 /* Swifty-Views.app */;
			productType = "com.apple.product-type.application";
		};
		6612B68A26EF362F00427BE0 /* Swifty-ViewsTests */ = {
			isa = PBXNativeTarget;
			buildConfigurationList = 6612B6A226EF362F00427BE0 /* Build configuration list for PBXNativeTarget "Swifty-ViewsTests" */;
			buildPhases = (
				6612B68726EF362F00427BE0 /* Sources */,
				6612B68826EF362F00427BE0 /* Frameworks */,
				6612B68926EF362F00427BE0 /* Resources */,
			);
			buildRules = (
			);
			dependencies = (
				6612B68D26EF362F00427BE0 /* PBXTargetDependency */,
			);
			name = "Swifty-ViewsTests";
			productName = "Swifty-ViewsTests";
			productReference = 6612B68B26EF362F00427BE0 /* Swifty-ViewsTests.xctest */;
			productType = "com.apple.product-type.bundle.unit-test";
		};
		6612B69526EF362F00427BE0 /* Swifty-ViewsUITests */ = {
			isa = PBXNativeTarget;
			buildConfigurationList = 6612B6A526EF362F00427BE0 /* Build configuration list for PBXNativeTarget "Swifty-ViewsUITests" */;
			buildPhases = (
				6612B69226EF362F00427BE0 /* Sources */,
				6612B69326EF362F00427BE0 /* Frameworks */,
				6612B69426EF362F00427BE0 /* Resources */,
			);
			buildRules = (
			);
			dependencies = (
				6612B69826EF362F00427BE0 /* PBXTargetDependency */,
			);
			name = "Swifty-ViewsUITests";
			productName = "Swifty-ViewsUITests";
			productReference = 6612B69626EF362F00427BE0 /* Swifty-ViewsUITests.xctest */;
			productType = "com.apple.product-type.bundle.ui-testing";
		};
/* End PBXNativeTarget section */

/* Begin PBXProject section */
		6612B66D26EF362B00427BE0 /* Project object */ = {
			isa = PBXProject;
			attributes = {
				LastSwiftUpdateCheck = 1250;
				LastUpgradeCheck = 1250;
				TargetAttributes = {
					6612B67426EF362B00427BE0 = {
						CreatedOnToolsVersion = 12.5.1;
					};
					6612B68A26EF362F00427BE0 = {
						CreatedOnToolsVersion = 12.5.1;
						TestTargetID = 6612B67426EF362B00427BE0;
					};
					6612B69526EF362F00427BE0 = {
						CreatedOnToolsVersion = 12.5.1;
						TestTargetID = 6612B67426EF362B00427BE0;
					};
				};
			};
			buildConfigurationList = 6612B67026EF362B00427BE0 /* Build configuration list for PBXProject "Swifty-Views" */;
			compatibilityVersion = "Xcode 9.3";
			developmentRegion = en;
			hasScannedForEncodings = 0;
			knownRegions = (
				en,
				Base,
			);
			mainGroup = 6612B66C26EF362B00427BE0;
			productRefGroup = 6612B67626EF362B00427BE0 /* Products */;
			projectDirPath = "";
			projectRoot = "";
			targets = (
				6612B67426EF362B00427BE0 /* Swifty-Views */,
				6612B68A26EF362F00427BE0 /* Swifty-ViewsTests */,
				6612B69526EF362F00427BE0 /* Swifty-ViewsUITests */,
			);
		};
/* End PBXProject section */

/* Begin PBXResourcesBuildPhase section */
		6612B67326EF362B00427BE0 /* Resources */ = {
			isa = PBXResourcesBuildPhase;
			buildActionMask = 2147483647;
			files = (
				6612B68526EF362F00427BE0 /* LaunchScreen.storyboard in Resources */,
				6612B68226EF362F00427BE0 /* Assets.xcassets in Resources */,
				6612B68026EF362B00427BE0 /* Main.storyboard in Resources */,
			);
			runOnlyForDeploymentPostprocessing = 0;
		};
		6612B68926EF362F00427BE0 /* Resources */ = {
			isa = PBXResourcesBuildPhase;
			buildActionMask = 2147483647;
			files = (
			);
			runOnlyForDeploymentPostprocessing = 0;
		};
		6612B69426EF362F00427BE0 /* Resources */ = {
			isa = PBXResourcesBuildPhase;
			buildActionMask = 2147483647;
			files = (
			);
			runOnlyForDeploymentPostprocessing = 0;
		};
/* End PBXResourcesBuildPhase section */

/* Begin PBXSourcesBuildPhase section */
		6612B67126EF362B00427BE0 /* Sources */ = {
			isa = PBXSourcesBuildPhase;
			buildActionMask = 2147483647;
			files = (
				6612B67D26EF362B00427BE0 /* ViewController.swift in Sources */,
				6612B67926EF362B00427BE0 /* AppDelegate.swift in Sources */,
				6612B6AA26EF364100427BE0 /* RoundRectButton.swift in Sources */,
				66014BFB279ED9C7008C1696 /* RoundSquareButton.swift in Sources */,
				6612B67B26EF362B00427BE0 /* SceneDelegate.swift in Sources */,
			);
			runOnlyForDeploymentPostprocessing = 0;
		};
		6612B68726EF362F00427BE0 /* Sources */ = {
			isa = PBXSourcesBuildPhase;
			buildActionMask = 2147483647;
			files = (
				6612B69026EF362F00427BE0 /* Swifty_ViewsTests.swift in Sources */,
			);
			runOnlyForDeploymentPostprocessing = 0;
		};
		6612B69226EF362F00427BE0 /* Sources */ = {
			isa = PBXSourcesBuildPhase;
			buildActionMask = 2147483647;
			files = (
				6612B69B26EF362F00427BE0 /* Swifty_ViewsUITests.swift in Sources */,
			);
			runOnlyForDeploymentPostprocessing = 0;
		};
/* End PBXSourcesBuildPhase section */

/* Begin PBXTargetDependency section */
		6612B68D26EF362F00427BE0 /* PBXTargetDependency */ = {
			isa = PBXTargetDependency;
			target = 6612B67426EF362B00427BE0 /* Swifty-Views */;
			targetProxy = 6612B68C26EF362F00427BE0 /* PBXContainerItemProxy */;
		};
		6612B69826EF362F00427BE0 /* PBXTargetDependency */ = {
			isa = PBXTargetDependency;
			target = 6612B67426EF362B00427BE0 /* Swifty-Views */;
			targetProxy = 6612B69726EF362F00427BE0 /* PBXContainerItemProxy */;
		};
/* End PBXTargetDependency section */

/* Begin PBXVariantGroup section */
		6612B67E26EF362B00427BE0 /* Main.storyboard */ = {
			isa = PBXVariantGroup;
			children = (
				6612B67F26EF362B00427BE0 /* Base */,
			);
			name = Main.storyboard;
			sourceTree = "<group>";
		};
		6612B68326EF362F00427BE0 /* LaunchScreen.storyboard */ = {
			isa = PBXVariantGroup;
			children = (
				6612B68426EF362F00427BE0 /* Base */,
			);
			name = LaunchScreen.storyboard;
			sourceTree = "<group>";
		};
/* End PBXVariantGroup section */

/* Begin XCBuildConfiguration section */
		6612B69D26EF362F00427BE0 /* Debug */ = {
			isa = XCBuildConfiguration;
			buildSettings = {
				ALWAYS_SEARCH_USER_PATHS = NO;
				CLANG_ANALYZER_NONNULL = YES;
				CLANG_ANALYZER_NUMBER_OBJECT_CONVERSION = YES_AGGRESSIVE;
				CLANG_CXX_LANGUAGE_STANDARD = "gnu++14";
				CLANG_CXX_LIBRARY = "libc++";
				CLANG_ENABLE_MODULES = YES;
				CLANG_ENABLE_OBJC_ARC = YES;
				CLANG_ENABLE_OBJC_WEAK = YES;
				CLANG_WARN_BLOCK_CAPTURE_AUTORELEASING = YES;
				CLANG_WARN_BOOL_CONVERSION = YES;
				CLANG_WARN_COMMA = YES;
				CLANG_WARN_CONSTANT_CONVERSION = YES;
				CLANG_WARN_DEPRECATED_OBJC_IMPLEMENTATIONS = YES;
				CLANG_WARN_DIRECT_OBJC_ISA_USAGE = YES_ERROR;
				CLANG_WARN_DOCUMENTATION_COMMENTS = YES;
				CLANG_WARN_EMPTY_BODY = YES;
				CLANG_WARN_ENUM_CONVERSION = YES;
				CLANG_WARN_INFINITE_RECURSION = YES;
				CLANG_WARN_INT_CONVERSION = YES;
				CLANG_WARN_NON_LITERAL_NULL_CONVERSION = YES;
				CLANG_WARN_OBJC_IMPLICIT_RETAIN_SELF = YES;
				CLANG_WARN_OBJC_LITERAL_CONVERSION = YES;
				CLANG_WARN_OBJC_ROOT_CLASS = YES_ERROR;
				CLANG_WARN_QUOTED_INCLUDE_IN_FRAMEWORK_HEADER = YES;
				CLANG_WARN_RANGE_LOOP_ANALYSIS = YES;
				CLANG_WARN_STRICT_PROTOTYPES = YES;
				CLANG_WARN_SUSPICIOUS_MOVE = YES;
				CLANG_WARN_UNGUARDED_AVAILABILITY = YES_AGGRESSIVE;
				CLANG_WARN_UNREACHABLE_CODE = YES;
				CLANG_WARN__DUPLICATE_METHOD_MATCH = YES;
				COPY_PHASE_STRIP = NO;
				DEBUG_INFORMATION_FORMAT = dwarf;
				ENABLE_STRICT_OBJC_MSGSEND = YES;
				ENABLE_TESTABILITY = YES;
				GCC_C_LANGUAGE_STANDARD = gnu11;
				GCC_DYNAMIC_NO_PIC = NO;
				GCC_NO_COMMON_BLOCKS = YES;
				GCC_OPTIMIZATION_LEVEL = 0;
				GCC_PREPROCESSOR_DEFINITIONS = (
					"DEBUG=1",
					"$(inherited)",
				);
				GCC_WARN_64_TO_32_BIT_CONVERSION = YES;
				GCC_WARN_ABOUT_RETURN_TYPE = YES_ERROR;
				GCC_WARN_UNDECLARED_SELECTOR = YES;
				GCC_WARN_UNINITIALIZED_AUTOS = YES_AGGRESSIVE;
				GCC_WARN_UNUSED_FUNCTION = YES;
				GCC_WARN_UNUSED_VARIABLE = YES;
				IPHONEOS_DEPLOYMENT_TARGET = 14.5;
				MTL_ENABLE_DEBUG_INFO = INCLUDE_SOURCE;
				MTL_FAST_MATH = YES;
				ONLY_ACTIVE_ARCH = YES;
				SDKROOT = iphoneos;
				SWIFT_ACTIVE_COMPILATION_CONDITIONS = DEBUG;
				SWIFT_OPTIMIZATION_LEVEL = "-Onone";
			};
			name = Debug;
		};
		6612B69E26EF362F00427BE0 /* Release */ = {
			isa = XCBuildConfiguration;
			buildSettings = {
				ALWAYS_SEARCH_USER_PATHS = NO;
				CLANG_ANALYZER_NONNULL = YES;
				CLANG_ANALYZER_NUMBER_OBJECT_CONVERSION = YES_AGGRESSIVE;
				CLANG_CXX_LANGUAGE_STANDARD = "gnu++14";
				CLANG_CXX_LIBRARY = "libc++";
				CLANG_ENABLE_MODULES = YES;
				CLANG_ENABLE_OBJC_ARC = YES;
				CLANG_ENABLE_OBJC_WEAK = YES;
				CLANG_WARN_BLOCK_CAPTURE_AUTORELEASING = YES;
				CLANG_WARN_BOOL_CONVERSION = YES;
				CLANG_WARN_COMMA = YES;
				CLANG_WARN_CONSTANT_CONVERSION = YES;
				CLANG_WARN_DEPRECATED_OBJC_IMPLEMENTATIONS = YES;
				CLANG_WARN_DIRECT_OBJC_ISA_USAGE = YES_ERROR;
				CLANG_WARN_DOCUMENTATION_COMMENTS = YES;
				CLANG_WARN_EMPTY_BODY = YES;
				CLANG_WARN_ENUM_CONVERSION = YES;
				CLANG_WARN_INFINITE_RECURSION = YES;
				CLANG_WARN_INT_CONVERSION = YES;
				CLANG_WARN_NON_LITERAL_NULL_CONVERSION = YES;
				CLANG_WARN_OBJC_IMPLICIT_RETAIN_SELF = YES;
				CLANG_WARN_OBJC_LITERAL_CONVERSION = YES;
				CLANG_WARN_OBJC_ROOT_CLASS = YES_ERROR;
				CLANG_WARN_QUOTED_INCLUDE_IN_FRAMEWORK_HEADER = YES;
				CLANG_WARN_RANGE_LOOP_ANALYSIS = YES;
				CLANG_WARN_STRICT_PROTOTYPES = YES;
				CLANG_WARN_SUSPICIOUS_MOVE = YES;
				CLANG_WARN_UNGUARDED_AVAILABILITY = YES_AGGRESSIVE;
				CLANG_WARN_UNREACHABLE_CODE = YES;
				CLANG_WARN__DUPLICATE_METHOD_MATCH = YES;
				COPY_PHASE_STRIP = NO;
				DEBUG_INFORMATION_FORMAT = "dwarf-with-dsym";
				ENABLE_NS_ASSERTIONS = NO;
				ENABLE_STRICT_OBJC_MSGSEND = YES;
				GCC_C_LANGUAGE_STANDARD = gnu11;
				GCC_NO_COMMON_BLOCKS = YES;
				GCC_WARN_64_TO_32_BIT_CONVERSION = YES;
				GCC_WARN_ABOUT_RETURN_TYPE = YES_ERROR;
				GCC_WARN_UNDECLARED_SELECTOR = YES;
				GCC_WARN_UNINITIALIZED_AUTOS = YES_AGGRESSIVE;
				GCC_WARN_UNUSED_FUNCTION = YES;
				GCC_WARN_UNUSED_VARIABLE = YES;
				IPHONEOS_DEPLOYMENT_TARGET = 14.5;
				MTL_ENABLE_DEBUG_INFO = NO;
				MTL_FAST_MATH = YES;
				SDKROOT = iphoneos;
				SWIFT_COMPILATION_MODE = wholemodule;
				SWIFT_OPTIMIZATION_LEVEL = "-O";
				VALIDATE_PRODUCT = YES;
			};
			name = Release;
		};
		6612B6A026EF362F00427BE0 /* Debug */ = {
			isa = XCBuildConfiguration;
			buildSettings = {
				ASSETCATALOG_COMPILER_APPICON_NAME = AppIcon;
				ASSETCATALOG_COMPILER_GLOBAL_ACCENT_COLOR_NAME = AccentColor;
				CODE_SIGN_STYLE = Automatic;
				DEVELOPMENT_TEAM = UNG2D22AV4;
				INFOPLIST_FILE = "Swifty-Views/Info.plist";
				LD_RUNPATH_SEARCH_PATHS = (
					"$(inherited)",
					"@executable_path/Frameworks",
				);
				PRODUCT_BUNDLE_IDENTIFIER = "com.zohair.Swifty-Views";
				PRODUCT_NAME = "$(TARGET_NAME)";
				SWIFT_VERSION = 5.0;
				TARGETED_DEVICE_FAMILY = "1,2";
			};
			name = Debug;
		};
		6612B6A126EF362F00427BE0 /* Release */ = {
			isa = XCBuildConfiguration;
			buildSettings = {
				ASSETCATALOG_COMPILER_APPICON_NAME = AppIcon;
				ASSETCATALOG_COMPILER_GLOBAL_ACCENT_COLOR_NAME = AccentColor;
				CODE_SIGN_STYLE = Automatic;
				DEVELOPMENT_TEAM = UNG2D22AV4;
				INFOPLIST_FILE = "Swifty-Views/Info.plist";
				LD_RUNPATH_SEARCH_PATHS = (
					"$(inherited)",
					"@executable_path/Frameworks",
				);
				PRODUCT_BUNDLE_IDENTIFIER = "com.zohair.Swifty-Views";
				PRODUCT_NAME = "$(TARGET_NAME)";
				SWIFT_VERSION = 5.0;
				TARGETED_DEVICE_FAMILY = "1,2";
			};
			name = Release;
		};
		6612B6A326EF362F00427BE0 /* Debug */ = {
			isa = XCBuildConfiguration;
			buildSettings = {
				ALWAYS_EMBED_SWIFT_STANDARD_LIBRARIES = YES;
				BUNDLE_LOADER = "$(TEST_HOST)";
				CODE_SIGN_STYLE = Automatic;
				DEVELOPMENT_TEAM = UNG2D22AV4;
				INFOPLIST_FILE = "Swifty-ViewsTests/Info.plist";
				IPHONEOS_DEPLOYMENT_TARGET = 14.5;
				LD_RUNPATH_SEARCH_PATHS = (
					"$(inherited)",
					"@executable_path/Frameworks",
					"@loader_path/Frameworks",
				);
				PRODUCT_BUNDLE_IDENTIFIER = "com.zohair.Swifty-ViewsTests";
				PRODUCT_NAME = "$(TARGET_NAME)";
				SWIFT_VERSION = 5.0;
				TARGETED_DEVICE_FAMILY = "1,2";
				TEST_HOST = "$(BUILT_PRODUCTS_DIR)/Swifty-Views.app/Swifty-Views";
			};
			name = Debug;
		};
		6612B6A426EF362F00427BE0 /* Release */ = {
			isa = XCBuildConfiguration;
			buildSettings = {
				ALWAYS_EMBED_SWIFT_STANDARD_LIBRARIES = YES;
				BUNDLE_LOADER = "$(TEST_HOST)";
				CODE_SIGN_STYLE = Automatic;
				DEVELOPMENT_TEAM = UNG2D22AV4;
				INFOPLIST_FILE = "Swifty-ViewsTests/Info.plist";
				IPHONEOS_DEPLOYMENT_TARGET = 14.5;
				LD_RUNPATH_SEARCH_PATHS = (
					"$(inherited)",
					"@executable_path/Frameworks",
					"@loader_path/Frameworks",
				);
				PRODUCT_BUNDLE_IDENTIFIER = "com.zohair.Swifty-ViewsTests";
				PRODUCT_NAME = "$(TARGET_NAME)";
				SWIFT_VERSION = 5.0;
				TARGETED_DEVICE_FAMILY = "1,2";
				TEST_HOST = "$(BUILT_PRODUCTS_DIR)/Swifty-Views.app/Swifty-Views";
			};
			name = Release;
		};
		6612B6A626EF362F00427BE0 /* Debug */ = {
			isa = XCBuildConfiguration;
			buildSettings = {
				ALWAYS_EMBED_SWIFT_STANDARD_LIBRARIES = YES;
				CODE_SIGN_STYLE = Automatic;
				DEVELOPMENT_TEAM = UNG2D22AV4;
				INFOPLIST_FILE = "Swifty-ViewsUITests/Info.plist";
				LD_RUNPATH_SEARCH_PATHS = (
					"$(inherited)",
					"@executable_path/Frameworks",
					"@loader_path/Frameworks",
				);
				PRODUCT_BUNDLE_IDENTIFIER = "com.zohair.Swifty-ViewsUITests";
				PRODUCT_NAME = "$(TARGET_NAME)";
				SWIFT_VERSION = 5.0;
				TARGETED_DEVICE_FAMILY = "1,2";
				TEST_TARGET_NAME = "Swifty-Views";
			};
			name = Debug;
		};
		6612B6A726EF362F00427BE0 /* Release */ = {
			isa = XCBuildConfiguration;
			buildSettings = {
				ALWAYS_EMBED_SWIFT_STANDARD_LIBRARIES = YES;
				CODE_SIGN_STYLE = Automatic;
				DEVELOPMENT_TEAM = UNG2D22AV4;
				INFOPLIST_FILE = "Swifty-ViewsUITests/Info.plist";
				LD_RUNPATH_SEARCH_PATHS = (
					"$(inherited)",
					"@executable_path/Frameworks",
					"@loader_path/Frameworks",
				);
				PRODUCT_BUNDLE_IDENTIFIER = "com.zohair.Swifty-ViewsUITests";
				PRODUCT_NAME = "$(TARGET_NAME)";
				SWIFT_VERSION = 5.0;
				TARGETED_DEVICE_FAMILY = "1,2";
				TEST_TARGET_NAME = "Swifty-Views";
			};
			name = Release;
		};
/* End XCBuildConfiguration section */

/* Begin XCConfigurationList section */
		6612B67026EF362B00427BE0 /* Build configuration list for PBXProject "Swifty-Views" */ = {
			isa = XCConfigurationList;
			buildConfigurations = (
				6612B69D26EF362F00427BE0 /* Debug */,
				6612B69E26EF362F00427BE0 /* Release */,
			);
			defaultConfigurationIsVisible = 0;
			defaultConfigurationName = Release;
		};
		6612B69F26EF362F00427BE0 /* Build configuration list for PBXNativeTarget "Swifty-Views" */ = {
			isa = XCConfigurationList;
			buildConfigurations = (
				6612B6A026EF362F00427BE0 /* Debug */,
				6612B6A126EF362F00427BE0 /* Release */,
			);
			defaultConfigurationIsVisible = 0;
			defaultConfigurationName = Release;
		};
		6612B6A226EF362F00427BE0 /* Build configuration list for PBXNativeTarget "Swifty-ViewsTests" */ = {
			isa = XCConfigurationList;
			buildConfigurations = (
				6612B6A326EF362F00427BE0 /* Debug */,
				6612B6A426EF362F00427BE0 /* Release */,
			);
			defaultConfigurationIsVisible = 0;
			defaultConfigurationName = Release;
		};
		6612B6A526EF362F00427BE0 /* Build configuration list for PBXNativeTarget "Swifty-ViewsUITests" */ = {
			isa = XCConfigurationList;
			buildConfigurations = (
				6612B6A626EF362F00427BE0 /* Debug */,
				6612B6A726EF362F00427BE0 /* Release */,
			);
			defaultConfigurationIsVisible = 0;
			defaultConfigurationName = Release;
		};
/* End XCConfigurationList section */
	};
	rootObject = 6612B66D26EF362B00427BE0 /* Project object */;
}
