{
  "pins" : [
    {
      "identity" : "swifty-views",
      "kind" : "remoteSourceControl",
      "location" : "https://github.com/zohairhadi/Swifty-Views",
      "state" : {
        "branch" : "main",
        "revision" : "14de0c715b4211384172bcb0dc19c596466b699c"
      }
    }
  ],
  "version" : 2
}
