{
  "pins" : [
    {
      "identity" : "swifty-views",
      "kind" : "remoteSourceControl",
      "location" : "https://github.com/zohairhadi/Swifty-Views",
      "state" : {
        "branch" : "main",
        "revision" : "00cbc45f174a12ab86c17c03c5e1268e56c46ab3"
      }
    }
  ],
  "version" : 2
}
